
Microsoft Visual Studio Solution File, Format Version 12.00
Project("{FAE04EC0-301F-11D3-BF4B-00C04F79EFBC}") = "TastyPoint.API", "TastyPoint.API\TastyPoint.API.csproj", "{EA684D68-C5AE-4A4E-ACDF-3E7574B7BB04}"
EndProject
Project("{FAE04EC0-301F-11D3-BF4B-00C04F79EFBC}") = "TastyPoint.API.Tests", "TastyPoint.API.Tests\TastyPoint.API.Tests.csproj", "{855AF0A1-BB87-474A-A2FD-C46FF493AF53}"
EndProject
Global
	GlobalSection(SolutionConfigurationPlatforms) = preSolution
		Debug|Any CPU = Debug|Any CPU
		Release|Any CPU = Release|Any CPU
	EndGlobalSection
	GlobalSection(ProjectConfigurationPlatforms) = postSolution
		{EA684D68-C5AE-4A4E-ACDF-3E7574B7BB04}.Debug|Any CPU.ActiveCfg = Debug|Any CPU
		{EA684D68-C5AE-4A4E-ACDF-3E7574B7BB04}.Debug|Any CPU.Build.0 = Debug|Any CPU
		{EA684D68-C5AE-4A4E-ACDF-3E7574B7BB04}.Release|Any CPU.ActiveCfg = Release|Any CPU
		{EA684D68-C5AE-4A4E-ACDF-3E7574B7BB04}.Release|Any CPU.Build.0 = Release|Any CPU
		{855AF0A1-BB87-474A-A2FD-C46FF493AF53}.Debug|Any CPU.ActiveCfg = Debug|Any CPU
		{855AF0A1-BB87-474A-A2FD-C46FF493AF53}.Debug|Any CPU.Build.0 = Debug|Any CPU
		{855AF0A1-BB87-474A-A2FD-C46FF493AF53}.Release|Any CPU.ActiveCfg = Release|Any CPU
		{855AF0A1-BB87-474A-A2FD-C46FF493AF53}.Release|Any CPU.Build.0 = Release|Any CPU
	EndGlobalSection
EndGlobal
